// !$*UTF8*$!
{
	archiveVersion = 1;
	classes = {
	};
	objectVersion = 50;
	objects = {

/* Begin PBXBuildFile section */
		A7126D9526877028008DA7EE /* main.cpp in Sources */ = {isa = PBXBuildFile; fileRef = A7126D9426877028008DA7EE /* main.cpp */; };
		A7126D9D2687703F008DA7EE /* OpenGL.framework in Frameworks */ = {isa = PBXBuildFile; fileRef = A7126D9C2687703F008DA7EE /* OpenGL.framework */; };
		A7126D9F26877057008DA7EE /* GLUT.framework in Frameworks */ = {isa = PBXBuildFile; fileRef = A7126D9E26877057008DA7EE /* GLUT.framework */; };
		A75745FF268776AE00005F6F /* 1605084_classes.h in Sources */ = {isa = PBXBuildFile; fileRef = A75745FE268776AE00005F6F /* 1605084_classes.h */; };
		A7574601268776E000005F6F /* bitmap_image.hpp in Sources */ = {isa = PBXBuildFile; fileRef = A7574600268776E000005F6F /* bitmap_image.hpp */; };
/* End PBXBuildFile section */

/* Begin PBXCopyFilesBuildPhase section */
		A7126D8F26877028008DA7EE /* CopyFiles */ = {
			isa = PBXCopyFilesBuildPhase;
			buildActionMask = 2147483647;
			dstPath = /usr/share/man/man1/;
			dstSubfolderSpec = 0;
			files = (
			);
			runOnlyForDeploymentPostprocessing = 1;
		};
/* End PBXCopyFilesBuildPhase section */

/* Begin PBXFileReference section */
		A7126D9126877028008DA7EE /* Ray Tracing */ = {isa = PBXFileReference; explicitFileType = "compiled.mach-o.executable"; includeInIndex = 0; path = "Ray Tracing"; sourceTree = BUILT_PRODUCTS_DIR; };
		A7126D9426877028008DA7EE /* main.cpp */ = {isa = PBXFileReference; lastKnownFileType = sourcecode.cpp.cpp; path = main.cpp; sourceTree = "<group>"; };
		A7126D9C2687703F008DA7EE /* OpenGL.framework */ = {isa = PBXFileReference; lastKnownFileType = wrapper.framework; name = OpenGL.framework; path = System/Library/Frameworks/OpenGL.framework; sourceTree = SDKROOT; };
		A7126D9E26877057008DA7EE /* GLUT.framework */ = {isa = PBXFileReference; lastKnownFileType = wrapper.framework; name = GLUT.framework; path = System/Library/Frameworks/GLUT.framework; sourceTree = SDKROOT; };
		A736FBDC2688E900008BFB5B /* scene.txt */ = {isa = PBXFileReference; lastKnownFileType = text; name = scene.txt; path = "Ray Tracing/scene.txt"; sourceTree = "<group>"; };
		A75745FE268776AE00005F6F /* 1605084_classes.h */ = {isa = PBXFileReference; lastKnownFileType = sourcecode.c.h; name = 1605084_classes.h; path = "Ray Tracing/1605084_classes.h"; sourceTree = "<group>"; };
		A7574600268776E000005F6F /* bitmap_image.hpp */ = {isa = PBXFileReference; lastKnownFileType = sourcecode.cpp.h; name = bitmap_image.hpp; path = "Ray Tracing/bitmap_image.hpp"; sourceTree = "<group>"; };
/* End PBXFileReference section */

/* Begin PBXFrameworksBuildPhase section */
		A7126D8E26877028008DA7EE /* Frameworks */ = {
			isa = PBXFrameworksBuildPhase;
			buildActionMask = 2147483647;
			files = (
				A7126D9F26877057008DA7EE /* GLUT.framework in Frameworks */,
				A7126D9D2687703F008DA7EE /* OpenGL.framework in Frameworks */,
			);
			runOnlyForDeploymentPostprocessing = 0;
		};
/* End PBXFrameworksBuildPhase section */

/* Begin PBXGroup section */
		A7126D8826877028008DA7EE = {
			isa = PBXGroup;
			children = (
				A736FBDC2688E900008BFB5B /* scene.txt */,
				A7574600268776E000005F6F /* bitmap_image.hpp */,
				A75745FE268776AE00005F6F /* 1605084_classes.h */,
				A7126D9326877028008DA7EE /* Ray Tracing */,
				A7126D9226877028008DA7EE /* Products */,
				A7126D9B2687703F008DA7EE /* Frameworks */,
			);
			sourceTree = "<group>";
		};
		A7126D9226877028008DA7EE /* Products */ = {
			isa = PBXGroup;
			children = (
				A7126D9126877028008DA7EE /* Ray Tracing */,
			);
			name = Products;
			sourceTree = "<group>";
		};
		A7126D9326877028008DA7EE /* Ray Tracing */ = {
			isa = PBXGroup;
			children = (
				A7126D9426877028008DA7EE /* main.cpp */,
			);
			path = "Ray Tracing";
			sourceTree = SOURCE_ROOT;
		};
		A7126D9B2687703F008DA7EE /* Frameworks */ = {
			isa = PBXGroup;
			children = (
				A7126D9E26877057008DA7EE /* GLUT.framework */,
				A7126D9C2687703F008DA7EE /* OpenGL.framework */,
			);
			name = Frameworks;
			sourceTree = "<group>";
		};
/* End PBXGroup section */

/* Begin PBXNativeTarget section */
		A7126D9026877028008DA7EE /* Ray Tracing */ = {
			isa = PBXNativeTarget;
			buildConfigurationList = A7126D9826877028008DA7EE /* Build configuration list for PBXNativeTarget "Ray Tracing" */;
			buildPhases = (
				A7126D8D26877028008DA7EE /* Sources */,
				A7126D8E26877028008DA7EE /* Frameworks */,
				A7126D8F26877028008DA7EE /* CopyFiles */,
			);
			buildRules = (
			);
			dependencies = (
			);
			name = "Ray Tracing";
			productName = "Ray Tracing";
			productReference = A7126D9126877028008DA7EE /* Ray Tracing */;
			productType = "com.apple.product-type.tool";
		};
/* End PBXNativeTarget section */

/* Begin PBXProject section */
		A7126D8926877028008DA7EE /* Project object */ = {
			isa = PBXProject;
			attributes = {
				LastUpgradeCheck = 1250;
				TargetAttributes = {
					A7126D9026877028008DA7EE = {
						CreatedOnToolsVersion = 12.5;
					};
				};
			};
			buildConfigurationList = A7126D8C26877028008DA7EE /* Build configuration list for PBXProject "Ray Tracing" */;
			compatibilityVersion = "Xcode 9.3";
			developmentRegion = en;
			hasScannedForEncodings = 0;
			knownRegions = (
				en,
				Base,
			);
			mainGroup = A7126D8826877028008DA7EE;
			productRefGroup = A7126D9226877028008DA7EE /* Products */;
			projectDirPath = "";
			projectRoot = "";
			targets = (
				A7126D9026877028008DA7EE /* Ray Tracing */,
			);
		};
/* End PBXProject section */

/* Begin PBXSourcesBuildPhase section */
		A7126D8D26877028008DA7EE /* Sources */ = {
			isa = PBXSourcesBuildPhase;
			buildActionMask = 2147483647;
			files = (
				A7574601268776E000005F6F /* bitmap_image.hpp in Sources */,
				A75745FF268776AE00005F6F /* 1605084_classes.h in Sources */,
				A7126D9526877028008DA7EE /* main.cpp in Sources */,
			);
			runOnlyForDeploymentPostprocessing = 0;
		};
/* End PBXSourcesBuildPhase section */

/* Begin XCBuildConfiguration section */
		A7126D9626877028008DA7EE /* Debug */ = {
			isa = XCBuildConfiguration;
			buildSettings = {
				ALWAYS_SEARCH_USER_PATHS = NO;
				CLANG_ANALYZER_NONNULL = YES;
				CLANG_ANALYZER_NUMBER_OBJECT_CONVERSION = YES_AGGRESSIVE;
				CLANG_CXX_LANGUAGE_STANDARD = "gnu++14";
				CLANG_CXX_LIBRARY = "libc++";
				CLANG_ENABLE_MODULES = YES;
				CLANG_ENABLE_OBJC_ARC = YES;
				CLANG_ENABLE_OBJC_WEAK = YES;
				CLANG_WARN_BLOCK_CAPTURE_AUTORELEASING = YES;
				CLANG_WARN_BOOL_CONVERSION = YES;
				CLANG_WARN_COMMA = YES;
				CLANG_WARN_CONSTANT_CONVERSION = YES;
				CLANG_WARN_DEPRECATED_OBJC_IMPLEMENTATIONS = YES;
				CLANG_WARN_DIRECT_OBJC_ISA_USAGE = YES_ERROR;
				CLANG_WARN_DOCUMENTATION_COMMENTS = YES;
				CLANG_WARN_EMPTY_BODY = YES;
				CLANG_WARN_ENUM_CONVERSION = YES;
				CLANG_WARN_INFINITE_RECURSION = YES;
				CLANG_WARN_INT_CONVERSION = YES;
				CLANG_WARN_NON_LITERAL_NULL_CONVERSION = YES;
				CLANG_WARN_OBJC_IMPLICIT_RETAIN_SELF = YES;
				CLANG_WARN_OBJC_LITERAL_CONVERSION = YES;
				CLANG_WARN_OBJC_ROOT_CLASS = YES_ERROR;
				CLANG_WARN_QUOTED_INCLUDE_IN_FRAMEWORK_HEADER = YES;
				CLANG_WARN_RANGE_LOOP_ANALYSIS = YES;
				CLANG_WARN_STRICT_PROTOTYPES = YES;
				CLANG_WARN_SUSPICIOUS_MOVE = YES;
				CLANG_WARN_UNGUARDED_AVAILABILITY = YES_AGGRESSIVE;
				CLANG_WARN_UNREACHABLE_CODE = YES;
				CLANG_WARN__DUPLICATE_METHOD_MATCH = YES;
				COPY_PHASE_STRIP = NO;
				DEBUG_INFORMATION_FORMAT = dwarf;
				ENABLE_STRICT_OBJC_MSGSEND = YES;
				ENABLE_TESTABILITY = YES;
				GCC_C_LANGUAGE_STANDARD = gnu11;
				GCC_DYNAMIC_NO_PIC = NO;
				GCC_NO_COMMON_BLOCKS = YES;
				GCC_OPTIMIZATION_LEVEL = 0;
				GCC_PREPROCESSOR_DEFINITIONS = (
					"DEBUG=1",
					"$(inherited)",
				);
				GCC_WARN_64_TO_32_BIT_CONVERSION = YES;
				GCC_WARN_ABOUT_DEPRECATED_FUNCTIONS = NO;
				GCC_WARN_ABOUT_RETURN_TYPE = YES_ERROR;
				GCC_WARN_UNDECLARED_SELECTOR = YES;
				GCC_WARN_UNINITIALIZED_AUTOS = YES_AGGRESSIVE;
				GCC_WARN_UNUSED_FUNCTION = YES;
				GCC_WARN_UNUSED_VARIABLE = YES;
				MACOSX_DEPLOYMENT_TARGET = 10.9;
				MTL_ENABLE_DEBUG_INFO = INCLUDE_SOURCE;
				MTL_FAST_MATH = YES;
				ONLY_ACTIVE_ARCH = YES;
				SDKROOT = macosx;
				WARNING_CFLAGS = "-Wno-deprecated-declarations";
			};
			name = Debug;
		};
		A7126D9726877028008DA7EE /* Release */ = {
			isa = XCBuildConfiguration;
			buildSettings = {
				ALWAYS_SEARCH_USER_PATHS = NO;
				CLANG_ANALYZER_NONNULL = YES;
				CLANG_ANALYZER_NUMBER_OBJECT_CONVERSION = YES_AGGRESSIVE;
				CLANG_CXX_LANGUAGE_STANDARD = "gnu++14";
				CLANG_CXX_LIBRARY = "libc++";
				CLANG_ENABLE_MODULES = YES;
				CLANG_ENABLE_OBJC_ARC = YES;
				CLANG_ENABLE_OBJC_WEAK = YES;
				CLANG_WARN_BLOCK_CAPTURE_AUTORELEASING = YES;
				CLANG_WARN_BOOL_CONVERSION = YES;
				CLANG_WARN_COMMA = YES;
				CLANG_WARN_CONSTANT_CONVERSION = YES;
				CLANG_WARN_DEPRECATED_OBJC_IMPLEMENTATIONS = YES;
				CLANG_WARN_DIRECT_OBJC_ISA_USAGE = YES_ERROR;
				CLANG_WARN_DOCUMENTATION_COMMENTS = YES;
				CLANG_WARN_EMPTY_BODY = YES;
				CLANG_WARN_ENUM_CONVERSION = YES;
				CLANG_WARN_INFINITE_RECURSION = YES;
				CLANG_WARN_INT_CONVERSION = YES;
				CLANG_WARN_NON_LITERAL_NULL_CONVERSION = YES;
				CLANG_WARN_OBJC_IMPLICIT_RETAIN_SELF = YES;
				CLANG_WARN_OBJC_LITERAL_CONVERSION = YES;
				CLANG_WARN_OBJC_ROOT_CLASS = YES_ERROR;
				CLANG_WARN_QUOTED_INCLUDE_IN_FRAMEWORK_HEADER = YES;
				CLANG_WARN_RANGE_LOOP_ANALYSIS = YES;
				CLANG_WARN_STRICT_PROTOTYPES = YES;
				CLANG_WARN_SUSPICIOUS_MOVE = YES;
				CLANG_WARN_UNGUARDED_AVAILABILITY = YES_AGGRESSIVE;
				CLANG_WARN_UNREACHABLE_CODE = YES;
				CLANG_WARN__DUPLICATE_METHOD_MATCH = YES;
				COPY_PHASE_STRIP = NO;
				DEBUG_INFORMATION_FORMAT = "dwarf-with-dsym";
				ENABLE_NS_ASSERTIONS = NO;
				ENABLE_STRICT_OBJC_MSGSEND = YES;
				GCC_C_LANGUAGE_STANDARD = gnu11;
				GCC_NO_COMMON_BLOCKS = YES;
				GCC_WARN_64_TO_32_BIT_CONVERSION = YES;
				GCC_WARN_ABOUT_DEPRECATED_FUNCTIONS = NO;
				GCC_WARN_ABOUT_RETURN_TYPE = YES_ERROR;
				GCC_WARN_UNDECLARED_SELECTOR = YES;
				GCC_WARN_UNINITIALIZED_AUTOS = YES_AGGRESSIVE;
				GCC_WARN_UNUSED_FUNCTION = YES;
				GCC_WARN_UNUSED_VARIABLE = YES;
				MACOSX_DEPLOYMENT_TARGET = 10.9;
				MTL_ENABLE_DEBUG_INFO = NO;
				MTL_FAST_MATH = YES;
				SDKROOT = macosx;
				WARNING_CFLAGS = "-Wno-deprecated-declarations";
			};
			name = Release;
		};
		A7126D9926877028008DA7EE /* Debug */ = {
			isa = XCBuildConfiguration;
			buildSettings = {
				CODE_SIGN_STYLE = Automatic;
				DEVELOPMENT_TEAM = 6R5CX43UK4;
				ENABLE_HARDENED_RUNTIME = YES;
				GCC_WARN_ABOUT_DEPRECATED_FUNCTIONS = NO;
				GCC_WARN_UNUSED_LABEL = YES;
				GCC_WARN_UNUSED_PARAMETER = YES;
				PRODUCT_NAME = "$(TARGET_NAME)";
				WARNING_CFLAGS = "-Wno-deprecated-declarations";
			};
			name = Debug;
		};
		A7126D9A26877028008DA7EE /* Release */ = {
			isa = XCBuildConfiguration;
			buildSettings = {
				CODE_SIGN_STYLE = Automatic;
				DEVELOPMENT_TEAM = 6R5CX43UK4;
				ENABLE_HARDENED_RUNTIME = YES;
				GCC_WARN_ABOUT_DEPRECATED_FUNCTIONS = NO;
				GCC_WARN_UNUSED_LABEL = YES;
				GCC_WARN_UNUSED_PARAMETER = YES;
				PRODUCT_NAME = "$(TARGET_NAME)";
				WARNING_CFLAGS = "-Wno-deprecated-declarations";
			};
			name = Release;
		};
/* End XCBuildConfiguration section */

/* Begin XCConfigurationList section */
		A7126D8C26877028008DA7EE /* Build configuration list for PBXProject "Ray Tracing" */ = {
			isa = XCConfigurationList;
			buildConfigurations = (
				A7126D9626877028008DA7EE /* Debug */,
				A7126D9726877028008DA7EE /* Release */,
			);
			defaultConfigurationIsVisible = 0;
			defaultConfigurationName = Release;
		};
		A7126D9826877028008DA7EE /* Build configuration list for PBXNativeTarget "Ray Tracing" */ = {
			isa = XCConfigurationList;
			buildConfigurations = (
				A7126D9926877028008DA7EE /* Debug */,
				A7126D9A26877028008DA7EE /* Release */,
			);
			defaultConfigurationIsVisible = 0;
			defaultConfigurationName = Release;
		};
/* End XCConfigurationList section */
	};
	rootObject = A7126D8926877028008DA7EE /* Project object */;
}
